
Microsoft Visual Studio Solution File, Format Version 12.00
# Visual Studio Version 17
VisualStudioVersion = 17.7.34024.191
MinimumVisualStudioVersion = 10.0.40219.1
Project("{FAE04EC0-301F-11D3-BF4B-00C04F79EFBC}") = "MessageWall", "MessageWall\MessageWall.csproj", "{F0F0775B-827F-4AD0-B4AE-D42D19932323}"
EndProject
Global
	GlobalSection(SolutionConfigurationPlatforms) = preSolution
		Debug|Any CPU = Debug|Any CPU
		Release|Any CPU = Release|Any CPU
	EndGlobalSection
	GlobalSection(ProjectConfigurationPlatforms) = postSolution
		{F0F0775B-827F-4AD0-B4AE-D42D19932323}.Debug|Any CPU.ActiveCfg = Debug|Any CPU
		{F0F0775B-827F-4AD0-B4AE-D42D19932323}.Debug|Any CPU.Build.0 = Debug|Any CPU
		{F0F0775B-827F-4AD0-B4AE-D42D19932323}.Release|Any CPU.ActiveCfg = Release|Any CPU
		{F0F0775B-827F-4AD0-B4AE-D42D19932323}.Release|Any CPU.Build.0 = Release|Any CPU
	EndGlobalSection
	GlobalSection(SolutionProperties) = preSolution
		HideSolutionNode = FALSE
	EndGlobalSection
	GlobalSection(ExtensibilityGlobals) = postSolution
		SolutionGuid = {17CD5835-17B6-49C4-856F-C0DDEB9244C2}
	EndGlobalSection
EndGlobal
